
Microsoft Visual Studio Solution File, Format Version 12.00
# Visual Studio Version 17
VisualStudioVersion = 17.0.31912.275
MinimumVisualStudioVersion = 10.0.40219.1
Project("{9A19103F-16F7-4668-BE54-9A1E7A4F7556}") = "PM.Core", "PM.Core\PM.Core.csproj", "{0A8CF57D-9684-4C04-8963-F6020EEFE473}"
EndProject
Project("{9A19103F-16F7-4668-BE54-9A1E7A4F7556}") = "PM.Core.Tests", "PM.Core.Tests\PM.Core.Tests.csproj", "{8E9A3CD4-69DB-40B7-B32E-58A8E5045AFF}"
EndProject
Project("{2150E333-8FDC-42A3-9474-1A3956D46DE8}") = "Tests", "Tests", "{4E9888A5-25F9-44D0-AF06-AD434DBCCD4A}"
EndProject
Project("{9A19103F-16F7-4668-BE54-9A1E7A4F7556}") = "PM.Tests.Common", "PM.Tests.Common\PM.Tests.Common.csproj", "{53D7430E-A221-436F-B8F6-8EC31079B8D2}"
EndProject
Project("{9A19103F-16F7-4668-BE54-9A1E7A4F7556}") = "Benchmarks", "Benchmarks\Benchmarks.csproj", "{F627F442-297A-4EDC-A554-BB1C673335F7}"
EndProject
Project("{2150E333-8FDC-42A3-9474-1A3956D46DE8}") = "Tools", "Tools", "{CF28DBC6-3426-4F5A-89DD-41235035419D}"
EndProject
Project("{9A19103F-16F7-4668-BE54-9A1E7A4F7556}") = "FileFormatExplain", "FileFormatExplain\FileFormatExplain.csproj", "{812913E8-E67A-4A23-B4D4-F6D7B810B2D1}"
EndProject
Project("{9A19103F-16F7-4668-BE54-9A1E7A4F7556}") = "PM.FileEngine", "PM.FileEngine\PM.FileEngine.csproj", "{9DB53665-0704-4F62-B904-6282D4082602}"
EndProject
Project("{9A19103F-16F7-4668-BE54-9A1E7A4F7556}") = "PM.FileEngine.Tests", "PM.FileEngine.Tests\PM.FileEngine.Tests.csproj", "{B77D28A5-9D61-45BE-B331-980BDC01D5DC}"
EndProject
Project("{9A19103F-16F7-4668-BE54-9A1E7A4F7556}") = "PM.Common", "PM.Common\PM.Common.csproj", "{843E9388-2E93-48C7-9FA1-E5590586134F}"
EndProject
Project("{9A19103F-16F7-4668-BE54-9A1E7A4F7556}") = "PM", "PM.AutomaticManager\PM.csproj", "{5D08EC73-81F0-4652-A42F-A7B6A992990A}"
EndProject
Project("{9A19103F-16F7-4668-BE54-9A1E7A4F7556}") = "PM.Tests", "PM.AutomaticManager.Tests\PM.Tests.csproj", "{1E0EDED6-7A9D-40E9-B741-E52322408184}"
EndProject
Project("{9A19103F-16F7-4668-BE54-9A1E7A4F7556}") = "PM.Defraggler", "PM.Defraggler\PM.Defraggler.csproj", "{39A53749-F4F7-4C61-97D6-EDEF6F5984B1}"
EndProject
Project("{9A19103F-16F7-4668-BE54-9A1E7A4F7556}") = "PM.Defraggler.Tests", "PM.Defraggler.Tests\PM.Defraggler.Tests.csproj", "{E992BF75-1FF3-4033-A1D4-1D18201675B6}"
EndProject
Global
	GlobalSection(SolutionConfigurationPlatforms) = preSolution
		Debug|Any CPU = Debug|Any CPU
		Debug|x64 = Debug|x64
		Debug|x86 = Debug|x86
		Release|Any CPU = Release|Any CPU
		Release|x64 = Release|x64
		Release|x86 = Release|x86
	EndGlobalSection
	GlobalSection(ProjectConfigurationPlatforms) = postSolution
		{0A8CF57D-9684-4C04-8963-F6020EEFE473}.Debug|Any CPU.ActiveCfg = Debug|Any CPU
		{0A8CF57D-9684-4C04-8963-F6020EEFE473}.Debug|Any CPU.Build.0 = Debug|Any CPU
		{0A8CF57D-9684-4C04-8963-F6020EEFE473}.Debug|x64.ActiveCfg = Debug|Any CPU
		{0A8CF57D-9684-4C04-8963-F6020EEFE473}.Debug|x64.Build.0 = Debug|Any CPU
		{0A8CF57D-9684-4C04-8963-F6020EEFE473}.Debug|x86.ActiveCfg = Debug|Any CPU
		{0A8CF57D-9684-4C04-8963-F6020EEFE473}.Debug|x86.Build.0 = Debug|Any CPU
		{0A8CF57D-9684-4C04-8963-F6020EEFE473}.Release|Any CPU.ActiveCfg = Release|Any CPU
		{0A8CF57D-9684-4C04-8963-F6020EEFE473}.Release|Any CPU.Build.0 = Release|Any CPU
		{0A8CF57D-9684-4C04-8963-F6020EEFE473}.Release|x64.ActiveCfg = Release|Any CPU
		{0A8CF57D-9684-4C04-8963-F6020EEFE473}.Release|x64.Build.0 = Release|Any CPU
		{0A8CF57D-9684-4C04-8963-F6020EEFE473}.Release|x86.ActiveCfg = Release|Any CPU
		{0A8CF57D-9684-4C04-8963-F6020EEFE473}.Release|x86.Build.0 = Release|Any CPU
		{8E9A3CD4-69DB-40B7-B32E-58A8E5045AFF}.Debug|Any CPU.ActiveCfg = Debug|Any CPU
		{8E9A3CD4-69DB-40B7-B32E-58A8E5045AFF}.Debug|Any CPU.Build.0 = Debug|Any CPU
		{8E9A3CD4-69DB-40B7-B32E-58A8E5045AFF}.Debug|x64.ActiveCfg = Debug|Any CPU
		{8E9A3CD4-69DB-40B7-B32E-58A8E5045AFF}.Debug|x64.Build.0 = Debug|Any CPU
		{8E9A3CD4-69DB-40B7-B32E-58A8E5045AFF}.Debug|x86.ActiveCfg = Debug|Any CPU
		{8E9A3CD4-69DB-40B7-B32E-58A8E5045AFF}.Debug|x86.Build.0 = Debug|Any CPU
		{8E9A3CD4-69DB-40B7-B32E-58A8E5045AFF}.Release|Any CPU.ActiveCfg = Release|Any CPU
		{8E9A3CD4-69DB-40B7-B32E-58A8E5045AFF}.Release|Any CPU.Build.0 = Release|Any CPU
		{8E9A3CD4-69DB-40B7-B32E-58A8E5045AFF}.Release|x64.ActiveCfg = Release|Any CPU
		{8E9A3CD4-69DB-40B7-B32E-58A8E5045AFF}.Release|x64.Build.0 = Release|Any CPU
		{8E9A3CD4-69DB-40B7-B32E-58A8E5045AFF}.Release|x86.ActiveCfg = Release|Any CPU
		{8E9A3CD4-69DB-40B7-B32E-58A8E5045AFF}.Release|x86.Build.0 = Release|Any CPU
		{53D7430E-A221-436F-B8F6-8EC31079B8D2}.Debug|Any CPU.ActiveCfg = Debug|Any CPU
		{53D7430E-A221-436F-B8F6-8EC31079B8D2}.Debug|Any CPU.Build.0 = Debug|Any CPU
		{53D7430E-A221-436F-B8F6-8EC31079B8D2}.Debug|x64.ActiveCfg = Debug|Any CPU
		{53D7430E-A221-436F-B8F6-8EC31079B8D2}.Debug|x64.Build.0 = Debug|Any CPU
		{53D7430E-A221-436F-B8F6-8EC31079B8D2}.Debug|x86.ActiveCfg = Debug|Any CPU
		{53D7430E-A221-436F-B8F6-8EC31079B8D2}.Debug|x86.Build.0 = Debug|Any CPU
		{53D7430E-A221-436F-B8F6-8EC31079B8D2}.Release|Any CPU.ActiveCfg = Release|Any CPU
		{53D7430E-A221-436F-B8F6-8EC31079B8D2}.Release|Any CPU.Build.0 = Release|Any CPU
		{53D7430E-A221-436F-B8F6-8EC31079B8D2}.Release|x64.ActiveCfg = Release|Any CPU
		{53D7430E-A221-436F-B8F6-8EC31079B8D2}.Release|x64.Build.0 = Release|Any CPU
		{53D7430E-A221-436F-B8F6-8EC31079B8D2}.Release|x86.ActiveCfg = Release|Any CPU
		{53D7430E-A221-436F-B8F6-8EC31079B8D2}.Release|x86.Build.0 = Release|Any CPU
		{F627F442-297A-4EDC-A554-BB1C673335F7}.Debug|Any CPU.ActiveCfg = Debug|Any CPU
		{F627F442-297A-4EDC-A554-BB1C673335F7}.Debug|Any CPU.Build.0 = Debug|Any CPU
		{F627F442-297A-4EDC-A554-BB1C673335F7}.Debug|x64.ActiveCfg = Debug|Any CPU
		{F627F442-297A-4EDC-A554-BB1C673335F7}.Debug|x64.Build.0 = Debug|Any CPU
		{F627F442-297A-4EDC-A554-BB1C673335F7}.Debug|x86.ActiveCfg = Debug|Any CPU
		{F627F442-297A-4EDC-A554-BB1C673335F7}.Debug|x86.Build.0 = Debug|Any CPU
		{F627F442-297A-4EDC-A554-BB1C673335F7}.Release|Any CPU.ActiveCfg = Release|Any CPU
		{F627F442-297A-4EDC-A554-BB1C673335F7}.Release|Any CPU.Build.0 = Release|Any CPU
		{F627F442-297A-4EDC-A554-BB1C673335F7}.Release|x64.ActiveCfg = Release|Any CPU
		{F627F442-297A-4EDC-A554-BB1C673335F7}.Release|x64.Build.0 = Release|Any CPU
		{F627F442-297A-4EDC-A554-BB1C673335F7}.Release|x86.ActiveCfg = Release|Any CPU
		{F627F442-297A-4EDC-A554-BB1C673335F7}.Release|x86.Build.0 = Release|Any CPU
		{812913E8-E67A-4A23-B4D4-F6D7B810B2D1}.Debug|Any CPU.ActiveCfg = Debug|Any CPU
		{812913E8-E67A-4A23-B4D4-F6D7B810B2D1}.Debug|Any CPU.Build.0 = Debug|Any CPU
		{812913E8-E67A-4A23-B4D4-F6D7B810B2D1}.Debug|x64.ActiveCfg = Debug|Any CPU
		{812913E8-E67A-4A23-B4D4-F6D7B810B2D1}.Debug|x64.Build.0 = Debug|Any CPU
		{812913E8-E67A-4A23-B4D4-F6D7B810B2D1}.Debug|x86.ActiveCfg = Debug|Any CPU
		{812913E8-E67A-4A23-B4D4-F6D7B810B2D1}.Debug|x86.Build.0 = Debug|Any CPU
		{812913E8-E67A-4A23-B4D4-F6D7B810B2D1}.Release|Any CPU.ActiveCfg = Release|Any CPU
		{812913E8-E67A-4A23-B4D4-F6D7B810B2D1}.Release|Any CPU.Build.0 = Release|Any CPU
		{812913E8-E67A-4A23-B4D4-F6D7B810B2D1}.Release|x64.ActiveCfg = Release|Any CPU
		{812913E8-E67A-4A23-B4D4-F6D7B810B2D1}.Release|x64.Build.0 = Release|Any CPU
		{812913E8-E67A-4A23-B4D4-F6D7B810B2D1}.Release|x86.ActiveCfg = Release|Any CPU
		{812913E8-E67A-4A23-B4D4-F6D7B810B2D1}.Release|x86.Build.0 = Release|Any CPU
		{9DB53665-0704-4F62-B904-6282D4082602}.Debug|Any CPU.ActiveCfg = Debug|Any CPU
		{9DB53665-0704-4F62-B904-6282D4082602}.Debug|Any CPU.Build.0 = Debug|Any CPU
		{9DB53665-0704-4F62-B904-6282D4082602}.Debug|x64.ActiveCfg = Debug|Any CPU
		{9DB53665-0704-4F62-B904-6282D4082602}.Debug|x64.Build.0 = Debug|Any CPU
		{9DB53665-0704-4F62-B904-6282D4082602}.Debug|x86.ActiveCfg = Debug|Any CPU
		{9DB53665-0704-4F62-B904-6282D4082602}.Debug|x86.Build.0 = Debug|Any CPU
		{9DB53665-0704-4F62-B904-6282D4082602}.Release|Any CPU.ActiveCfg = Release|Any CPU
		{9DB53665-0704-4F62-B904-6282D4082602}.Release|Any CPU.Build.0 = Release|Any CPU
		{9DB53665-0704-4F62-B904-6282D4082602}.Release|x64.ActiveCfg = Release|Any CPU
		{9DB53665-0704-4F62-B904-6282D4082602}.Release|x64.Build.0 = Release|Any CPU
		{9DB53665-0704-4F62-B904-6282D4082602}.Release|x86.ActiveCfg = Release|Any CPU
		{9DB53665-0704-4F62-B904-6282D4082602}.Release|x86.Build.0 = Release|Any CPU
		{B77D28A5-9D61-45BE-B331-980BDC01D5DC}.Debug|Any CPU.ActiveCfg = Debug|Any CPU
		{B77D28A5-9D61-45BE-B331-980BDC01D5DC}.Debug|Any CPU.Build.0 = Debug|Any CPU
		{B77D28A5-9D61-45BE-B331-980BDC01D5DC}.Debug|x64.ActiveCfg = Debug|Any CPU
		{B77D28A5-9D61-45BE-B331-980BDC01D5DC}.Debug|x64.Build.0 = Debug|Any CPU
		{B77D28A5-9D61-45BE-B331-980BDC01D5DC}.Debug|x86.ActiveCfg = Debug|Any CPU
		{B77D28A5-9D61-45BE-B331-980BDC01D5DC}.Debug|x86.Build.0 = Debug|Any CPU
		{B77D28A5-9D61-45BE-B331-980BDC01D5DC}.Release|Any CPU.ActiveCfg = Release|Any CPU
		{B77D28A5-9D61-45BE-B331-980BDC01D5DC}.Release|Any CPU.Build.0 = Release|Any CPU
		{B77D28A5-9D61-45BE-B331-980BDC01D5DC}.Release|x64.ActiveCfg = Release|Any CPU
		{B77D28A5-9D61-45BE-B331-980BDC01D5DC}.Release|x64.Build.0 = Release|Any CPU
		{B77D28A5-9D61-45BE-B331-980BDC01D5DC}.Release|x86.ActiveCfg = Release|Any CPU
		{B77D28A5-9D61-45BE-B331-980BDC01D5DC}.Release|x86.Build.0 = Release|Any CPU
		{843E9388-2E93-48C7-9FA1-E5590586134F}.Debug|Any CPU.ActiveCfg = Debug|Any CPU
		{843E9388-2E93-48C7-9FA1-E5590586134F}.Debug|Any CPU.Build.0 = Debug|Any CPU
		{843E9388-2E93-48C7-9FA1-E5590586134F}.Debug|x64.ActiveCfg = Debug|Any CPU
		{843E9388-2E93-48C7-9FA1-E5590586134F}.Debug|x64.Build.0 = Debug|Any CPU
		{843E9388-2E93-48C7-9FA1-E5590586134F}.Debug|x86.ActiveCfg = Debug|Any CPU
		{843E9388-2E93-48C7-9FA1-E5590586134F}.Debug|x86.Build.0 = Debug|Any CPU
		{843E9388-2E93-48C7-9FA1-E5590586134F}.Release|Any CPU.ActiveCfg = Release|Any CPU
		{843E9388-2E93-48C7-9FA1-E5590586134F}.Release|Any CPU.Build.0 = Release|Any CPU
		{843E9388-2E93-48C7-9FA1-E5590586134F}.Release|x64.ActiveCfg = Release|Any CPU
		{843E9388-2E93-48C7-9FA1-E5590586134F}.Release|x64.Build.0 = Release|Any CPU
		{843E9388-2E93-48C7-9FA1-E5590586134F}.Release|x86.ActiveCfg = Release|Any CPU
		{843E9388-2E93-48C7-9FA1-E5590586134F}.Release|x86.Build.0 = Release|Any CPU
		{5D08EC73-81F0-4652-A42F-A7B6A992990A}.Debug|Any CPU.ActiveCfg = Debug|Any CPU
		{5D08EC73-81F0-4652-A42F-A7B6A992990A}.Debug|Any CPU.Build.0 = Debug|Any CPU
		{5D08EC73-81F0-4652-A42F-A7B6A992990A}.Debug|x64.ActiveCfg = Debug|Any CPU
		{5D08EC73-81F0-4652-A42F-A7B6A992990A}.Debug|x64.Build.0 = Debug|Any CPU
		{5D08EC73-81F0-4652-A42F-A7B6A992990A}.Debug|x86.ActiveCfg = Debug|Any CPU
		{5D08EC73-81F0-4652-A42F-A7B6A992990A}.Debug|x86.Build.0 = Debug|Any CPU
		{5D08EC73-81F0-4652-A42F-A7B6A992990A}.Release|Any CPU.ActiveCfg = Release|Any CPU
		{5D08EC73-81F0-4652-A42F-A7B6A992990A}.Release|Any CPU.Build.0 = Release|Any CPU
		{5D08EC73-81F0-4652-A42F-A7B6A992990A}.Release|x64.ActiveCfg = Release|Any CPU
		{5D08EC73-81F0-4652-A42F-A7B6A992990A}.Release|x64.Build.0 = Release|Any CPU
		{5D08EC73-81F0-4652-A42F-A7B6A992990A}.Release|x86.ActiveCfg = Release|Any CPU
		{5D08EC73-81F0-4652-A42F-A7B6A992990A}.Release|x86.Build.0 = Release|Any CPU
		{1E0EDED6-7A9D-40E9-B741-E52322408184}.Debug|Any CPU.ActiveCfg = Debug|Any CPU
		{1E0EDED6-7A9D-40E9-B741-E52322408184}.Debug|Any CPU.Build.0 = Debug|Any CPU
		{1E0EDED6-7A9D-40E9-B741-E52322408184}.Debug|x64.ActiveCfg = Debug|Any CPU
		{1E0EDED6-7A9D-40E9-B741-E52322408184}.Debug|x64.Build.0 = Debug|Any CPU
		{1E0EDED6-7A9D-40E9-B741-E52322408184}.Debug|x86.ActiveCfg = Debug|Any CPU
		{1E0EDED6-7A9D-40E9-B741-E52322408184}.Debug|x86.Build.0 = Debug|Any CPU
		{1E0EDED6-7A9D-40E9-B741-E52322408184}.Release|Any CPU.ActiveCfg = Release|Any CPU
		{1E0EDED6-7A9D-40E9-B741-E52322408184}.Release|Any CPU.Build.0 = Release|Any CPU
		{1E0EDED6-7A9D-40E9-B741-E52322408184}.Release|x64.ActiveCfg = Release|Any CPU
		{1E0EDED6-7A9D-40E9-B741-E52322408184}.Release|x64.Build.0 = Release|Any CPU
		{1E0EDED6-7A9D-40E9-B741-E52322408184}.Release|x86.ActiveCfg = Release|Any CPU
		{1E0EDED6-7A9D-40E9-B741-E52322408184}.Release|x86.Build.0 = Release|Any CPU
		{39A53749-F4F7-4C61-97D6-EDEF6F5984B1}.Debug|Any CPU.ActiveCfg = Debug|Any CPU
		{39A53749-F4F7-4C61-97D6-EDEF6F5984B1}.Debug|Any CPU.Build.0 = Debug|Any CPU
		{39A53749-F4F7-4C61-97D6-EDEF6F5984B1}.Debug|x64.ActiveCfg = Debug|Any CPU
		{39A53749-F4F7-4C61-97D6-EDEF6F5984B1}.Debug|x64.Build.0 = Debug|Any CPU
		{39A53749-F4F7-4C61-97D6-EDEF6F5984B1}.Debug|x86.ActiveCfg = Debug|Any CPU
		{39A53749-F4F7-4C61-97D6-EDEF6F5984B1}.Debug|x86.Build.0 = Debug|Any CPU
		{39A53749-F4F7-4C61-97D6-EDEF6F5984B1}.Release|Any CPU.ActiveCfg = Release|Any CPU
		{39A53749-F4F7-4C61-97D6-EDEF6F5984B1}.Release|Any CPU.Build.0 = Release|Any CPU
		{39A53749-F4F7-4C61-97D6-EDEF6F5984B1}.Release|x64.ActiveCfg = Release|Any CPU
		{39A53749-F4F7-4C61-97D6-EDEF6F5984B1}.Release|x64.Build.0 = Release|Any CPU
		{39A53749-F4F7-4C61-97D6-EDEF6F5984B1}.Release|x86.ActiveCfg = Release|Any CPU
		{39A53749-F4F7-4C61-97D6-EDEF6F5984B1}.Release|x86.Build.0 = Release|Any CPU
		{E992BF75-1FF3-4033-A1D4-1D18201675B6}.Debug|Any CPU.ActiveCfg = Debug|Any CPU
		{E992BF75-1FF3-4033-A1D4-1D18201675B6}.Debug|Any CPU.Build.0 = Debug|Any CPU
		{E992BF75-1FF3-4033-A1D4-1D18201675B6}.Debug|x64.ActiveCfg = Debug|Any CPU
		{E992BF75-1FF3-4033-A1D4-1D18201675B6}.Debug|x64.Build.0 = Debug|Any CPU
		{E992BF75-1FF3-4033-A1D4-1D18201675B6}.Debug|x86.ActiveCfg = Debug|Any CPU
		{E992BF75-1FF3-4033-A1D4-1D18201675B6}.Debug|x86.Build.0 = Debug|Any CPU
		{E992BF75-1FF3-4033-A1D4-1D18201675B6}.Release|Any CPU.ActiveCfg = Release|Any CPU
		{E992BF75-1FF3-4033-A1D4-1D18201675B6}.Release|Any CPU.Build.0 = Release|Any CPU
		{E992BF75-1FF3-4033-A1D4-1D18201675B6}.Release|x64.ActiveCfg = Release|Any CPU
		{E992BF75-1FF3-4033-A1D4-1D18201675B6}.Release|x64.Build.0 = Release|Any CPU
		{E992BF75-1FF3-4033-A1D4-1D18201675B6}.Release|x86.ActiveCfg = Release|Any CPU
		{E992BF75-1FF3-4033-A1D4-1D18201675B6}.Release|x86.Build.0 = Release|Any CPU
	EndGlobalSection
	GlobalSection(SolutionProperties) = preSolution
		HideSolutionNode = FALSE
	EndGlobalSection
	GlobalSection(NestedProjects) = preSolution
		{8E9A3CD4-69DB-40B7-B32E-58A8E5045AFF} = {4E9888A5-25F9-44D0-AF06-AD434DBCCD4A}
		{53D7430E-A221-436F-B8F6-8EC31079B8D2} = {4E9888A5-25F9-44D0-AF06-AD434DBCCD4A}
		{812913E8-E67A-4A23-B4D4-F6D7B810B2D1} = {CF28DBC6-3426-4F5A-89DD-41235035419D}
		{B77D28A5-9D61-45BE-B331-980BDC01D5DC} = {4E9888A5-25F9-44D0-AF06-AD434DBCCD4A}
		{1E0EDED6-7A9D-40E9-B741-E52322408184} = {4E9888A5-25F9-44D0-AF06-AD434DBCCD4A}
		{E992BF75-1FF3-4033-A1D4-1D18201675B6} = {4E9888A5-25F9-44D0-AF06-AD434DBCCD4A}
	EndGlobalSection
	GlobalSection(ExtensibilityGlobals) = postSolution
		SolutionGuid = {FBD56240-1FAD-4774-A63E-A29C6528F411}
	EndGlobalSection
EndGlobal
